
Microsoft Visual Studio Solution File, Format Version 12.00
# Visual Studio Version 17
VisualStudioVersion = 17.4.33213.308
MinimumVisualStudioVersion = 10.0.40219.1
Project("{FAE04EC0-301F-11D3-BF4B-00C04F79EFBC}") = "EventsR", "EventsR\EventsR.csproj", "{DDBDCADE-3212-4476-B4D9-FF9D909BDCCB}"
EndProject
Global
	GlobalSection(SolutionConfigurationPlatforms) = preSolution
		Debug|Any CPU = Debug|Any CPU
		Release|Any CPU = Release|Any CPU
	EndGlobalSection
	GlobalSection(ProjectConfigurationPlatforms) = postSolution
		{DDBDCADE-3212-4476-B4D9-FF9D909BDCCB}.Debug|Any CPU.ActiveCfg = Debug|Any CPU
		{DDBDCADE-3212-4476-B4D9-FF9D909BDCCB}.Debug|Any CPU.Build.0 = Debug|Any CPU
		{DDBDCADE-3212-4476-B4D9-FF9D909BDCCB}.Release|Any CPU.ActiveCfg = Release|Any CPU
		{DDBDCADE-3212-4476-B4D9-FF9D909BDCCB}.Release|Any CPU.Build.0 = Release|Any CPU
	EndGlobalSection
	GlobalSection(SolutionProperties) = preSolution
		HideSolutionNode = FALSE
	EndGlobalSection
	GlobalSection(ExtensibilityGlobals) = postSolution
		SolutionGuid = {228F8C97-E063-4BE4-A0EE-89EA42E2895A}
	EndGlobalSection
EndGlobal
